
Microsoft Visual Studio Solution File, Format Version 12.00
# Visual Studio 15
VisualStudioVersion = 15.0.26430.12
MinimumVisualStudioVersion = 10.0.40219.1
Project("{FAE04EC0-301F-11D3-BF4B-00C04F79EFBC}") = "ULatina.PrograAvanzada.Inicio", "ULatina.PrograAvanzada.Inicio\ULatina.PrograAvanzada.Inicio.csproj", "{4682C8FF-3592-48DE-A961-1E916E227AFD}"
EndProject
Project("{FAE04EC0-301F-11D3-BF4B-00C04F79EFBC}") = "HelloWorld", "HelloWorld\HelloWorld.csproj", "{618FDACF-8781-4CB0-8D30-7BFF9539CAF6}"
EndProject
Project("{FAE04EC0-301F-11D3-BF4B-00C04F79EFBC}") = "AplicacionWeb", "AplicacionWeb\AplicacionWeb.csproj", "{9589F660-0812-430C-94D7-7DD1C65A4386}"
EndProject
Project("{FAE04EC0-301F-11D3-BF4B-00C04F79EFBC}") = "BLAplicacionWeb", "BLAplicacionWeb\BLAplicacionWeb.csproj", "{D1BD520B-39E3-4CAC-90B9-D4DBAC64C800}"
EndProject
Global
	GlobalSection(SolutionConfigurationPlatforms) = preSolution
		Debug|Any CPU = Debug|Any CPU
		Release|Any CPU = Release|Any CPU
	EndGlobalSection
	GlobalSection(ProjectConfigurationPlatforms) = postSolution
		{4682C8FF-3592-48DE-A961-1E916E227AFD}.Debug|Any CPU.ActiveCfg = Debug|Any CPU
		{4682C8FF-3592-48DE-A961-1E916E227AFD}.Debug|Any CPU.Build.0 = Debug|Any CPU
		{4682C8FF-3592-48DE-A961-1E916E227AFD}.Release|Any CPU.ActiveCfg = Release|Any CPU
		{4682C8FF-3592-48DE-A961-1E916E227AFD}.Release|Any CPU.Build.0 = Release|Any CPU
		{618FDACF-8781-4CB0-8D30-7BFF9539CAF6}.Debug|Any CPU.ActiveCfg = Debug|Any CPU
		{618FDACF-8781-4CB0-8D30-7BFF9539CAF6}.Debug|Any CPU.Build.0 = Debug|Any CPU
		{618FDACF-8781-4CB0-8D30-7BFF9539CAF6}.Release|Any CPU.ActiveCfg = Release|Any CPU
		{618FDACF-8781-4CB0-8D30-7BFF9539CAF6}.Release|Any CPU.Build.0 = Release|Any CPU
		{9589F660-0812-430C-94D7-7DD1C65A4386}.Debug|Any CPU.ActiveCfg = Debug|Any CPU
		{9589F660-0812-430C-94D7-7DD1C65A4386}.Debug|Any CPU.Build.0 = Debug|Any CPU
		{9589F660-0812-430C-94D7-7DD1C65A4386}.Release|Any CPU.ActiveCfg = Release|Any CPU
		{9589F660-0812-430C-94D7-7DD1C65A4386}.Release|Any CPU.Build.0 = Release|Any CPU
		{D1BD520B-39E3-4CAC-90B9-D4DBAC64C800}.Debug|Any CPU.ActiveCfg = Debug|Any CPU
		{D1BD520B-39E3-4CAC-90B9-D4DBAC64C800}.Debug|Any CPU.Build.0 = Debug|Any CPU
		{D1BD520B-39E3-4CAC-90B9-D4DBAC64C800}.Release|Any CPU.ActiveCfg = Release|Any CPU
		{D1BD520B-39E3-4CAC-90B9-D4DBAC64C800}.Release|Any CPU.Build.0 = Release|Any CPU
	EndGlobalSection
	GlobalSection(SolutionProperties) = preSolution
		HideSolutionNode = FALSE
	EndGlobalSection
EndGlobal
